
Microsoft Visual Studio Solution File, Format Version 12.00
Project("{FAE04EC0-301F-11D3-BF4B-00C04F79EFBC}") = "linkly-url-shortener", "linkly-url-shortener\linkly-url-shortener.csproj", "{8FA20D89-49E2-4B82-BDB3-A075074EE9FC}"
EndProject
Global
	GlobalSection(SolutionConfigurationPlatforms) = preSolution
		Debug|Any CPU = Debug|Any CPU
		Release|Any CPU = Release|Any CPU
	EndGlobalSection
	GlobalSection(ProjectConfigurationPlatforms) = postSolution
		{8FA20D89-49E2-4B82-BDB3-A075074EE9FC}.Debug|Any CPU.ActiveCfg = Debug|Any CPU
		{8FA20D89-49E2-4B82-BDB3-A075074EE9FC}.Debug|Any CPU.Build.0 = Debug|Any CPU
		{8FA20D89-49E2-4B82-BDB3-A075074EE9FC}.Release|Any CPU.ActiveCfg = Release|Any CPU
		{8FA20D89-49E2-4B82-BDB3-A075074EE9FC}.Release|Any CPU.Build.0 = Release|Any CPU
	EndGlobalSection
EndGlobal
